
Microsoft Visual Studio Solution File, Format Version 12.00
# Visual Studio Version 17
VisualStudioVersion = 17.11.35222.181
MinimumVisualStudioVersion = 10.0.40219.1
Project("{888888A0-9F3D-457C-B088-3A5042F75D52}") = "QuickQAPhyton", "QuickQAPhyton.pyproj", "{76E598AC-56F5-4FCF-BADA-C965D1563590}"
EndProject
Global
	GlobalSection(SolutionConfigurationPlatforms) = preSolution
		Debug|Any CPU = Debug|Any CPU
		Release|Any CPU = Release|Any CPU
	EndGlobalSection
	GlobalSection(ProjectConfigurationPlatforms) = postSolution
		{76E598AC-56F5-4FCF-BADA-C965D1563590}.Debug|Any CPU.ActiveCfg = Debug|Any CPU
		{76E598AC-56F5-4FCF-BADA-C965D1563590}.Release|Any CPU.ActiveCfg = Release|Any CPU
	EndGlobalSection
	GlobalSection(SolutionProperties) = preSolution
		HideSolutionNode = FALSE
	EndGlobalSection
	GlobalSection(ExtensibilityGlobals) = postSolution
		SolutionGuid = {89CA4177-89DE-446A-8FC3-DE1920E7E834}
	EndGlobalSection
EndGlobal
